{
    "_meta": {
        "hash": {
            "sha256": "ea455112ef48696735b95cba0a75ada4df881b6bb593dc41f1c38c553b3922a9"
        },
        "pipfile-spec": 6,
        "requires": {
            "python_version": "3.7"
        },
        "sources": [
            {
                "name": "pypi",
                "url": "https://pypi.org/simple",
                "verify_ssl": true
            }
        ]
    },
    "default": {
        "astroid": {
            "hashes": [
                "sha256:3975a0bd5373bdce166e60c851cfcbaf21ee96de80ec518c1f4cb3e94c3fb334",
                "sha256:ab7f36e8a78b8e54a62028ba6beef7561db4cdb6f2a5009ecc44a6f42b5697ef"
            ],
            "markers": "python_version ~= '3.6'",
            "version": "==2.6.6"
        },
        "certifi": {
            "hashes": [
                "sha256:36973885b9542e6bd01dea287b2b4b3b21236307c56324fcc3f1160f2d655ed5",
                "sha256:e232343de1ab72c2aa521b625c80f699e356830fd0e2c620b465b304b17b0516"
            ],
            "markers": "python_version >= '3.6'",
            "version": "==2022.9.14"
        },
        "charset-normalizer": {
            "hashes": [
                "sha256:5a3d016c7c547f69d6f81fb0db9449ce888b418b5b9952cc5e6e66843e9dd845",
                "sha256:83e9a75d1911279afd89352c68b45348559d1fc0506b054b346651b5e7fee29f"
            ],
            "markers": "python_version >= '3.6'",
            "version": "==2.1.1"
        },
        "docker": {
            "hashes": [
                "sha256:3e8bc47534e0ca9331d72c32f2881bb13b93ded0bcdeab3c833fb7cf61c0a9a5",
                "sha256:fc961d622160e8021c10d1bcabc388c57d55fb1f917175afbe24af442e6879bd"
            ],
            "index": "pypi",
            "version": "==5.0.0"
        },
        "grpcio": {
            "hashes": [
                "sha256:0e193feaf4ebc72f6af57d7b8a08c0b8e43ebbd76f81c6f1e55d013557602dfd",
                "sha256:118479436bda25b369e2dc1cd0921790fbfaea1ec663e4ee7095c4c325694495",
                "sha256:1f79d8a24261e3c12ec3a6c25945ff799ae09874fd24815bc17c2dc37715ef6c",
                "sha256:26af85ae0a7ff8e8f8f550255bf85551df86a89883c11721c0756b71bc1019be",
                "sha256:278e131bfbc57bab112359b98930b0fdbf81aa0ba2cdfc6555c7a5119d7e2117",
                "sha256:2a179b2565fa85a134933acc7845f9d4c12e742c802b4f50bf2fd208bf8b741e",
                "sha256:3a25e1a46f51c80d06b66223f61938b9ffda37f2824ca65749c49b758137fac2",
                "sha256:3db0680fee9e55022677abda186e73e3c019c59ed83e1550519250dc97cf6793",
                "sha256:3e85bba6f0e0c454a90b8fea16b59db9c6d19ddf9cc95052b2d4ca77b22d46d6",
                "sha256:3eb960c2f9e031f0643b53bab67733a9544d82f42d0714338183d14993d2a23c",
                "sha256:419af4f577a3d5d9f386aeacf4c4992f90016f84cbceb11ecd832101b1f7f9c9",
                "sha256:44efa41ac36f6bcbf4f64d6479b3031cceea28cf6892a77f15bd1c22611bff9d",
                "sha256:4bc60f8372c3ab06f41279163c5d558bf95195bb3f68e35ed19f95d4fbd53d71",
                "sha256:4c19578b35715e110c324b27c18ab54a56fccc4c41b8f651b1d1da5a64e0d605",
                "sha256:532ab738351aad2cdad80f4355123652e08b207281f3923ce51fb2b58692dd4c",
                "sha256:549beb5646137b78534a312a3b80b2b8b1ea01058b38a711d42d6b54b20b6c2b",
                "sha256:59f5fb4ba219a11fdc1c23e17c93ca3090480a8cde4370c980908546ffc091e6",
                "sha256:5efa68fc3fe0c439e2858215f2224bfb7242c35079538d58063f68a0d5d5ec33",
                "sha256:5ff4802d9b3704e680454289587e1cc146bb0d953cf3c9296e2d96441a6a8e88",
                "sha256:6a225440015db88ec4625a2a41c21582a50cce7ffbe38dcbbb416c7180352516",
                "sha256:6d898441ada374f76e0b5354d7e240e1c0e905a1ebcb1e95d9ffd99c88f63700",
                "sha256:6e137d014cf4162e5a796777012452516d92547717c1b4914fb71ce4e41817b5",
                "sha256:6edf68d4305e08f6f8c45bfaa9dc04d527ab5a1562aaf0c452fa921fbe90eb23",
                "sha256:72e8358c751da9ab4f8653a3b67b2a3bb7e330ee57cb26439c6af358d6eac032",
                "sha256:77054f24d46498d9696c809da7810b67bccf6153f9848ea48331708841926d82",
                "sha256:7adfbd4e22647f880c9ed86b2be7f6d7a7dbbb8adc09395808cc7a4d021bc328",
                "sha256:87b4b1977b52d5e0873a5e396340d2443640ba760f4fa23e93a38997ecfbcd5b",
                "sha256:889518ce7c2a0609a3cffb7b667669a39b3410e869ff38e087bf7eeadad62e5d",
                "sha256:89af675d38bf490384dae85151768b8434e997cece98e5d1eb6fcb3c16d6af12",
                "sha256:8ab27a6626c2038e13c1b250c5cd22da578f182364134620ec298b4ccfc85722",
                "sha256:8ccde1df51eeaddf5515edc41bde2ea43a834a288914eae9ce4287399be108f5",
                "sha256:947bdba3ebcd93a7cef537d6405bc5667d1caf818fa8bbd2e2cc952ec8f97e09",
                "sha256:96d78d9edf3070770cefd1822bc220d8cccad049b818a70a3c630052e9f15490",
                "sha256:a433d3740a9ef7bc34a18e2b12bf72b25e618facdfd09871167b30fd8e955fed",
                "sha256:a77d1f47e5e82504c531bc9dd22c093ff093b6706ec8bcdad228464ef3a5dd54",
                "sha256:b1624123710fa701988a8a43994de78416e5010ac1508f64ed41e2577358604a",
                "sha256:b16e1967709392a0ec4b10b4374a72eb062c47c168a189606c9a7ea7b36593a8",
                "sha256:b5ea9902fc2990af993b74862282b49ae0b8de8a64ca3b4a8dda26a3163c3bb4",
                "sha256:c323265a4f18f586e8de84fda12b48eb3bd48395294aa2b8c05307ac1680299d",
                "sha256:c83481501533824fe341c17d297bbec1ec584ec46b352f98ce12bf16740615c4",
                "sha256:cd7ddb5b6ffcbd3691990df20f260a888c8bd770d57480a97da1b756fb1be5c0",
                "sha256:cddd61bff66e42ef334f8cb9e719951e479b5ad2cb75c00338aac8de28e17484",
                "sha256:cf6c3bfa403e055380fe90844beb4fe8e9448edab5d2bf40d37d208dbb2f768c",
                "sha256:d4179d96b0ce27602756185c1a00d088c9c1feb0cc17a36f8a66eec6ddddbc0c",
                "sha256:d49f250c3ffbe83ba2d03e3500e03505576a985f7c5f77172a9531058347aa68",
                "sha256:dcfcb147c18272a22a592251a49830b3c7abc82385ffff34916c2534175d885e",
                "sha256:ddd33c90b0c95eca737c9f6db7e969a48d23aed72cecb23f3b8aac009ca2cfb4",
                "sha256:e4a8a371ad02bf31576bcd99093cea3849e19ca1e9eb63fc0b2c0f1db1132f7d",
                "sha256:e891b0936aab73550d673dd3bbf89fa9577b3db1a61baecea480afd36fdb1852",
                "sha256:e90cda2ccd4bdb89a3cd5dc11771c3b8394817d5caaa1ae36042bc96a428c10e",
                "sha256:ff9ebc416e815161d89d2fd22d1a91acf3b810ef800dae38c402d19d203590bf"
            ],
            "index": "pypi",
            "version": "==1.38.1"
        },
        "grpcio-tools": {
            "hashes": [
                "sha256:09487050dd3e297b4107821680da023f7db332e02cc9db03c7ced8873717fe4f",
                "sha256:0df193c2ccdc93d343e5c789198f2c9196dcb2375538728c03cbf5b57f0d257a",
                "sha256:0ed1238044d908fe461e63a97c846a2420ec15103ed7bf8aa76372614e7216de",
                "sha256:10e7343fdba4182951a0cd33757e1beca784b9b95098a61a38515edfcdf2129e",
                "sha256:142357f786c862dc5dc4141b60f74ebae57b06ce3451c823b708d628dd403f19",
                "sha256:156eb516564b7a3d1ca0877bd8edcc3f0b797815445c1192df1e7e8db2537601",
                "sha256:18c710f2be5ff7b819898af3b6821b6d1853e1b9abd8d133396483e201fcdece",
                "sha256:21efa933597d6c6133f5dd77dbfdb9c4bdb6b8c5d599c47ec96de264abf74157",
                "sha256:280772a6f43ed96b84521cd6187bce0a6d9ea1a07cce95074c21f8fd998dc95a",
                "sha256:2ea397c2968dab3ebf81d957cf4654f5517bb57c8c9def2d4909d3c06bc1405e",
                "sha256:2fc301ac4c8e39c741e31bdf8594448c5e05d84b37373c5c2308653da7f74d10",
                "sha256:315b72d38f954707e94497cb81efb450c7ac53a390c9b8e4b73f47758391d643",
                "sha256:31c5ad318a47aefa451dd00cbbf3d0fba693df21d6382a52b8c3b7c67b0316af",
                "sha256:36a081086dc3646584cff59fb5675cded8226141adc1d160e1cd54466b6b728f",
                "sha256:3e5a1485a4c18e1a35aae704682b2faac57f4f2122a8eaca576fd74f52e32cc0",
                "sha256:48424b77cae16859e39e31b37d3b1cb54acf12b70a903a5494f8d352bcd5d733",
                "sha256:4ae9fb7d86f01915e0f640226a8eeb4063e2d1604e172596d52a06ac96c8fb11",
                "sha256:53f5cf971321c833d746258f656dba79b70f24129afef070e8a617b89e4a8281",
                "sha256:5889a5dd9490106736b29e14e1812755c02b2b2e8a1e70829b4631ba004dfe09",
                "sha256:58920d167a0414156b9c6b91816c5ce2de35fba25d068d076e3f5ed12cc535cc",
                "sha256:5b31142da2c74c02159eed352e39fe2d6b6ca8a6a25c53cb7efacb53d08055b2",
                "sha256:5bf5c920c7b8b55b9f42ea270a032280a8ceb500d30a9894f83384f48c2cd5a0",
                "sha256:69e0d7fcf788ecee123487d4f229010e65f77a267293a2c620b2930a65e9abbb",
                "sha256:6a92e26cf42746228d668e9ef1fc66fe237fb2fd00e92a2eab56053d223149d7",
                "sha256:6c4e385f41d9c3e4a8f59af1b9c2b1d3d16840cc615f1f7f301012b3a7b53cab",
                "sha256:6f19404a12778703030009e6e28a7fa243d58f5a7380c40f23786aae614b35a9",
                "sha256:72775c21fa5ff7e73a9ed9a26d32969ee5faf31e56ff8107b99c9d7914ea895f",
                "sha256:728a9a96fcfdd32309ccc584664f3935c482951cc9340316235ec000683af1fa",
                "sha256:7ed99b84c9866f834f7c46e00095b16cf154b39c18944f1c138407b789d40da0",
                "sha256:8226c1b44d7aa519e2ec09889fb4d39bd7b52b7fc768ce400cf9eb7aa101d419",
                "sha256:82f1a4d60f5b4371c4afee96f9f460d67fed17efae8ad152c2e6ce225f1fc1a6",
                "sha256:913f3dc262f28e2220bbb69aab4174c0a8b0fc94e7dec3a47c158bc2cc4fcdc7",
                "sha256:91c8de121d5a9ba8f76512e691c89c77f2bc93aa8924d3f891b76a183e1a3226",
                "sha256:94a3c388c1f167aa4b17ce84e334a4c3f826ff3871beec888940f6082968ed23",
                "sha256:a3f04462d20bfc7ac197af12ea2a114436deb78306db33f555fae64b884f05ba",
                "sha256:b148d44a70a4c14809380050f9cd5907f7edf17f6645df424bdb4302d7bf21b6",
                "sha256:baa1c225b361806bcad14de23f7cbf09f568a3550c1c97e6f22d414cd71b4c92",
                "sha256:c0a93efe5fdb27618be78a34c8a2320175b2c5ccc53386cfe1799cb8fb1499ec",
                "sha256:c6427583e598e77d72c518a930fe839def7d220ff18d9bd8f07f89263255fc2f",
                "sha256:c71126f5c55f8e7d822cd39038da1fbc52131d5ad1831565555a1f0148508c21",
                "sha256:c9f6a3b5f546a57a1011e59a5b8588970adeba7c3567efc4f21a4bea7337192c",
                "sha256:cd85f58038b92e1961f8127d79691e84e151390d35cae73c4c0cbe2042f76b77",
                "sha256:ce99acf886561ad704ea9f4f5c973f42389b3522a507baa5ad78624af92231ec",
                "sha256:cf150b9b56ada5d78ad47e9d4c58da688788a9edfedd6b7586369311d40d6d51",
                "sha256:d6445128492eec9a4d387dab8ef3811f889c674055139306ec5e055b1b8c92e9",
                "sha256:dd1edaee80cce4149b04c8090fd5a93534b7eaf83c0dec747be0d2b738210598",
                "sha256:e2e97564aec7dded3a864f740ec5121ce7c574d2d1585d0fab1be8ab856ce312",
                "sha256:ed41f0146540f6b48ac8d9a3f45cab5f8b0721062f342cb006d1fefafae811e6",
                "sha256:eebc25185c109dd584f3ab09146f8471dcbbdee23a6330753b30e732cf374fa1",
                "sha256:fa4956ed0d72b3d9eb4d3a4b2180bf4cb368a6246b93b2ef6367e74cd32067ff",
                "sha256:fa714aa29991328a4d51d1efd73ebd15f15b41ed0a84dd19af1654076b6f5ed2"
            ],
            "index": "pypi",
            "version": "==1.38.1"
        },
        "idna": {
            "hashes": [
                "sha256:814f528e8dead7d329833b91c5faa87d60bf71824cd12a7530b5526063d02cb4",
                "sha256:90b77e79eaa3eba6de819a0c442c0b4ceefc341a7a2ab77d7562bf49f425c5c2"
            ],
            "markers": "python_version >= '3.5'",
            "version": "==3.4"
        },
        "isort": {
            "hashes": [
                "sha256:6f62d78e2f89b4500b080fe3a81690850cd254227f27f75c3a0c491a1f351ba7",
                "sha256:e8443a5e7a020e9d7f97f1d7d9cd17c88bcb3bc7e218bf9cf5095fe550be2951"
            ],
            "markers": "python_version < '4' and python_full_version >= '3.6.1'",
            "version": "==5.10.1"
        },
        "kazoo": {
            "hashes": [
                "sha256:2dc46de17efc02e0ef42a9d92f3bbabce6204bbcc0792a1d9211344d0b8a03b8",
                "sha256:588e27868e4a0ed70ae4a7a5b0f3bca4cec5e5c49dbd7e41349c0883182bf2fe"
            ],
            "index": "pypi",
            "version": "==2.8.0"
        },
        "lazy-object-proxy": {
            "hashes": [
                "sha256:043651b6cb706eee4f91854da4a089816a6606c1428fd391573ef8cb642ae4f7",
                "sha256:07fa44286cda977bd4803b656ffc1c9b7e3bc7dff7d34263446aec8f8c96f88a",
                "sha256:12f3bb77efe1367b2515f8cb4790a11cffae889148ad33adad07b9b55e0ab22c",
                "sha256:2052837718516a94940867e16b1bb10edb069ab475c3ad84fd1e1a6dd2c0fcfc",
                "sha256:2130db8ed69a48a3440103d4a520b89d8a9405f1b06e2cc81640509e8bf6548f",
                "sha256:39b0e26725c5023757fc1ab2a89ef9d7ab23b84f9251e28f9cc114d5b59c1b09",
                "sha256:46ff647e76f106bb444b4533bb4153c7370cdf52efc62ccfc1a28bdb3cc95442",
                "sha256:4dca6244e4121c74cc20542c2ca39e5c4a5027c81d112bfb893cf0790f96f57e",
                "sha256:553b0f0d8dbf21890dd66edd771f9b1b5f51bd912fa5f26de4449bfc5af5e029",
                "sha256:677ea950bef409b47e51e733283544ac3d660b709cfce7b187f5ace137960d61",
                "sha256:6a24357267aa976abab660b1d47a34aaf07259a0c3859a34e536f1ee6e76b5bb",
                "sha256:6a6e94c7b02641d1311228a102607ecd576f70734dc3d5e22610111aeacba8a0",
                "sha256:6aff3fe5de0831867092e017cf67e2750c6a1c7d88d84d2481bd84a2e019ec35",
                "sha256:6ecbb350991d6434e1388bee761ece3260e5228952b1f0c46ffc800eb313ff42",
                "sha256:7096a5e0c1115ec82641afbdd70451a144558ea5cf564a896294e346eb611be1",
                "sha256:70ed0c2b380eb6248abdef3cd425fc52f0abd92d2b07ce26359fcbc399f636ad",
                "sha256:8561da8b3dd22d696244d6d0d5330618c993a215070f473b699e00cf1f3f6443",
                "sha256:85b232e791f2229a4f55840ed54706110c80c0a210d076eee093f2b2e33e1bfd",
                "sha256:898322f8d078f2654d275124a8dd19b079080ae977033b713f677afcfc88e2b9",
                "sha256:8f3953eb575b45480db6568306893f0bd9d8dfeeebd46812aa09ca9579595148",
                "sha256:91ba172fc5b03978764d1df5144b4ba4ab13290d7bab7a50f12d8117f8630c38",
                "sha256:9d166602b525bf54ac994cf833c385bfcc341b364e3ee71e3bf5a1336e677b55",
                "sha256:a57d51ed2997e97f3b8e3500c984db50a554bb5db56c50b5dab1b41339b37e36",
                "sha256:b9e89b87c707dd769c4ea91f7a31538888aad05c116a59820f28d59b3ebfe25a",
                "sha256:bb8c5fd1684d60a9902c60ebe276da1f2281a318ca16c1d0a96db28f62e9166b",
                "sha256:c19814163728941bb871240d45c4c30d33b8a2e85972c44d4e63dd7107faba44",
                "sha256:c4ce15276a1a14549d7e81c243b887293904ad2d94ad767f42df91e75fd7b5b6",
                "sha256:c7a683c37a8a24f6428c28c561c80d5f4fd316ddcf0c7cab999b15ab3f5c5c69",
                "sha256:d609c75b986def706743cdebe5e47553f4a5a1da9c5ff66d76013ef396b5a8a4",
                "sha256:d66906d5785da8e0be7360912e99c9188b70f52c422f9fc18223347235691a84",
                "sha256:dd7ed7429dbb6c494aa9bc4e09d94b778a3579be699f9d67da7e6804c422d3de",
                "sha256:df2631f9d67259dc9620d831384ed7732a198eb434eadf69aea95ad18c587a28",
                "sha256:e368b7f7eac182a59ff1f81d5f3802161932a41dc1b1cc45c1f757dc876b5d2c",
                "sha256:e40f2013d96d30217a51eeb1db28c9ac41e9d0ee915ef9d00da639c5b63f01a1",
                "sha256:f769457a639403073968d118bc70110e7dce294688009f5c24ab78800ae56dc8",
                "sha256:fccdf7c2c5821a8cbd0a9440a456f5050492f2270bd54e94360cac663398739b",
                "sha256:fd45683c3caddf83abbb1249b653a266e7069a09f486daa8863fb0e7496a9fdb"
            ],
            "markers": "python_version >= '3.6'",
            "version": "==1.7.1"
        },
        "mccabe": {
            "hashes": [
                "sha256:ab8a6258860da4b6677da4bd2fe5dc2c659cff31b3ee4f7f5d64e79735b80d42",
                "sha256:dd8d182285a0fe56bace7f45b5e7d1a6ebcbf524e8f3bd87eb0f125271b8831f"
            ],
            "version": "==0.6.1"
        },
        "protobuf": {
            "hashes": [
                "sha256:0c44e01f74109decea196b5b313b08edb5316df77313995594a6981e95674259",
                "sha256:15cdecb0d192ab5f17cdc21a9c0ae7b5c6c4451e42c8a888a4f3344c190e369c",
                "sha256:196a153e487c0e20d62259872bbf2e1c4fa18e2ce97e20984fcbf9d8b151058d",
                "sha256:3149c373e9b7ce296bb24d42a3eb677d620185b5dff2c390b2cf57baf79afdc1",
                "sha256:370a6b885e94adda021d4cbe43accdfbf6a02af651a0be337a28906a3fa77f3d",
                "sha256:474247630834f93214fafce49d2ee6ff4c036c8c5382b88432b7eae6f08f131b",
                "sha256:6380aae2683d0d1b41199e591c8ba06f867e8a778d44309af87073c1b34a9f3a",
                "sha256:6741d7d1cfcbdd6cf610f38b7976cf8c0b41022203555298925e4061b6616608",
                "sha256:700787cb56b4cb7b8ed5f7d197b9d8f30080f257f3c7431eec1fdd8060660929",
                "sha256:8117b52c2531e4033f7d02b9be5a78564da41a8b02c255e1b731ad4bd75e7dc0",
                "sha256:850da2072d98c6e576b7eb29734cdde6fd9f5d157e43d7818d79f4b373ef5d51",
                "sha256:85d1fb5ff1d638a0045bbe4f01a8f287023aa4f2b29011445b1be0edc74a2103",
                "sha256:93bca9aaeee8008e15696c2a6b5e56b992da03f9d237ff54310e397d635f8305",
                "sha256:98d414513ec44bb3ba77ebdeffcbbe6ebbf3630c767d37a285890c2414fdd4e2",
                "sha256:a7f91a4e5bf3cc58b2830c9cb01b04ac5e211c288048e9296cd407ec0455fb89",
                "sha256:abbcb8ecd19cfb729b9b71f9a453e37c0c1c017be4bff47804ff25150685386d",
                "sha256:b03966ca4d1aa7850f5bf0d841c22a8eeb6ce091f77e585ffeb8b95a6b0a96c4",
                "sha256:cde2a73b03049b904dbc5d0f500b97e11abb4109dbe2940e6a1595e2eef4e8a9",
                "sha256:d52a687e2c74c40f45abd6906f833d4e40f0f8cfa4226a80e4695fedafe6c57e",
                "sha256:e68ad00695547d9397dd14abd3efba23cb31cef67228f4512d41396971889812",
                "sha256:e9bffd52d6ee039a1cafb72475b2900c6fd0f0dca667fb7a09af0a3e119e78cb"
            ],
            "index": "pypi",
            "version": "==3.18.3"
        },
        "pyaml": {
            "hashes": [
                "sha256:29a5c2a68660a799103d6949167bd6c7953d031449d08802386372de1db6ad71",
                "sha256:67081749a82b72c45e5f7f812ee3a14a03b3f5c25ff36ec3b290514f8c4c4b99"
            ],
            "index": "pypi",
            "version": "==20.4.0"
        },
        "pyexpect": {
            "hashes": [
                "sha256:1653b1a34b420e891d104f4d5ebac6ba313aec5bbf0feb0700c73f96a1384f8b",
                "sha256:96e900d6af928a94c2a75b4935ddda44872c218121d0467c549ae19e7608a9a2"
            ],
            "index": "pypi",
            "version": "==1.0.21"
        },
        "pylint": {
            "hashes": [
                "sha256:1f333dc72ef7f5ea166b3230936ebcfb1f3b722e76c980cb9fe6b9f95e8d3172",
                "sha256:748f81e5776d6273a6619506e08f1b48ff9bcb8198366a56821cf11aac14fc87"
            ],
            "index": "pypi",
            "version": "==2.9.5"
        },
        "pyyaml": {
            "hashes": [
                "sha256:01b45c0191e6d66c470b6cf1b9531a771a83c1c4208272ead47a3ae4f2f603bf",
                "sha256:0283c35a6a9fbf047493e3a0ce8d79ef5030852c51e9d911a27badfde0605293",
                "sha256:055d937d65826939cb044fc8c9b08889e8c743fdc6a32b33e2390f66013e449b",
                "sha256:07751360502caac1c067a8132d150cf3d61339af5691fe9e87803040dbc5db57",
                "sha256:0b4624f379dab24d3725ffde76559cff63d9ec94e1736b556dacdfebe5ab6d4b",
                "sha256:0ce82d761c532fe4ec3f87fc45688bdd3a4c1dc5e0b4a19814b9009a29baefd4",
                "sha256:1e4747bc279b4f613a09eb64bba2ba602d8a6664c6ce6396a4d0cd413a50ce07",
                "sha256:213c60cd50106436cc818accf5baa1aba61c0189ff610f64f4a3e8c6726218ba",
                "sha256:231710d57adfd809ef5d34183b8ed1eeae3f76459c18fb4a0b373ad56bedcdd9",
                "sha256:277a0ef2981ca40581a47093e9e2d13b3f1fbbeffae064c1d21bfceba2030287",
                "sha256:2cd5df3de48857ed0544b34e2d40e9fac445930039f3cfe4bcc592a1f836d513",
                "sha256:40527857252b61eacd1d9af500c3337ba8deb8fc298940291486c465c8b46ec0",
                "sha256:432557aa2c09802be39460360ddffd48156e30721f5e8d917f01d31694216782",
                "sha256:473f9edb243cb1935ab5a084eb238d842fb8f404ed2193a915d1784b5a6b5fc0",
                "sha256:48c346915c114f5fdb3ead70312bd042a953a8ce5c7106d5bfb1a5254e47da92",
                "sha256:50602afada6d6cbfad699b0c7bb50d5ccffa7e46a3d738092afddc1f9758427f",
                "sha256:68fb519c14306fec9720a2a5b45bc9f0c8d1b9c72adf45c37baedfcd949c35a2",
                "sha256:77f396e6ef4c73fdc33a9157446466f1cff553d979bd00ecb64385760c6babdc",
                "sha256:81957921f441d50af23654aa6c5e5eaf9b06aba7f0a19c18a538dc7ef291c5a1",
                "sha256:819b3830a1543db06c4d4b865e70ded25be52a2e0631ccd2f6a47a2822f2fd7c",
                "sha256:897b80890765f037df3403d22bab41627ca8811ae55e9a722fd0392850ec4d86",
                "sha256:98c4d36e99714e55cfbaaee6dd5badbc9a1ec339ebfc3b1f52e293aee6bb71a4",
                "sha256:9df7ed3b3d2e0ecfe09e14741b857df43adb5a3ddadc919a2d94fbdf78fea53c",
                "sha256:9fa600030013c4de8165339db93d182b9431076eb98eb40ee068700c9c813e34",
                "sha256:a80a78046a72361de73f8f395f1f1e49f956c6be882eed58505a15f3e430962b",
                "sha256:afa17f5bc4d1b10afd4466fd3a44dc0e245382deca5b3c353d8b757f9e3ecb8d",
                "sha256:b3d267842bf12586ba6c734f89d1f5b871df0273157918b0ccefa29deb05c21c",
                "sha256:b5b9eccad747aabaaffbc6064800670f0c297e52c12754eb1d976c57e4f74dcb",
                "sha256:bfaef573a63ba8923503d27530362590ff4f576c626d86a9fed95822a8255fd7",
                "sha256:c5687b8d43cf58545ade1fe3e055f70eac7a5a1a0bf42824308d868289a95737",
                "sha256:cba8c411ef271aa037d7357a2bc8f9ee8b58b9965831d9e51baf703280dc73d3",
                "sha256:d15a181d1ecd0d4270dc32edb46f7cb7733c7c508857278d3d378d14d606db2d",
                "sha256:d4b0ba9512519522b118090257be113b9468d804b19d63c71dbcf4a48fa32358",
                "sha256:d4db7c7aef085872ef65a8fd7d6d09a14ae91f691dec3e87ee5ee0539d516f53",
                "sha256:d4eccecf9adf6fbcc6861a38015c2a64f38b9d94838ac1810a9023a0609e1b78",
                "sha256:d67d839ede4ed1b28a4e8909735fc992a923cdb84e618544973d7dfc71540803",
                "sha256:daf496c58a8c52083df09b80c860005194014c3698698d1a57cbcfa182142a3a",
                "sha256:dbad0e9d368bb989f4515da330b88a057617d16b6a8245084f1b05400f24609f",
                "sha256:e61ceaab6f49fb8bdfaa0f92c4b57bcfbea54c09277b1b4f7ac376bfb7a7c174",
                "sha256:f84fbc98b019fef2ee9a1cb3ce93e3187a6df0b2538a651bfb890254ba9f90b5"
            ],
            "markers": "python_version >= '3.6'",
            "version": "==6.0"
        },
        "requests": {
            "hashes": [
                "sha256:7c5599b102feddaa661c826c56ab4fee28bfd17f5abca1ebbe3e7f19d7c97983",
                "sha256:8fefa2a1a1365bf5520aac41836fbee479da67864514bdb821f31ce07ce65349"
            ],
            "markers": "python_version >= '3.7' and python_version < '4'",
            "version": "==2.28.1"
        },
        "setuptools": {
            "hashes": [
                "sha256:2e24e0bec025f035a2e72cdd1961119f557d78ad331bb00ff82efb2ab8da8e82",
                "sha256:7732871f4f7fa58fb6bdcaeadb0161b2bd046c85905dbaa066bdcbcc81953b57"
            ],
            "markers": "python_version >= '3.7'",
            "version": "==65.3.0"
        },
        "six": {
            "hashes": [
                "sha256:1e61c37477a1626458e36f7b1d82aa5c9b094fa4802892072e49de9c60c4c926",
                "sha256:8abb2f1d86890a2dfb989f9a77cfcfd3e47c2a354b01111771326f8aa26e0254"
            ],
            "markers": "python_version >= '2.7' and python_version not in '3.0, 3.1, 3.2, 3.3'",
            "version": "==1.16.0"
        },
        "timeout-decorator": {
            "hashes": [
                "sha256:6a2f2f58db1c5b24a2cc79de6345760377ad8bdc13813f5265f6c3e63d16b3d7"
            ],
            "index": "pypi",
            "version": "==0.5.0"
        },
        "toml": {
            "hashes": [
                "sha256:806143ae5bfb6a3c6e736a764057db0e6a0e05e338b5630894a5f779cabb4f9b",
                "sha256:b3bda1d108d5dd99f4a20d24d9c348e91c4db7ab1b749200bded2f839ccbe68f"
            ],
            "markers": "python_version >= '2.6' and python_version not in '3.0, 3.1, 3.2, 3.3'",
            "version": "==0.10.2"
        },
        "typed-ast": {
            "hashes": [
                "sha256:01ae5f73431d21eead5015997ab41afa53aa1fbe252f9da060be5dad2c730ace",
                "sha256:067a74454df670dcaa4e59349a2e5c81e567d8d65458d480a5b3dfecec08c5ff",
                "sha256:0fb71b8c643187d7492c1f8352f2c15b4c4af3f6338f21681d3681b3dc31a266",
                "sha256:1b3ead4a96c9101bef08f9f7d1217c096f31667617b58de957f690c92378b528",
                "sha256:2068531575a125b87a41802130fa7e29f26c09a2833fea68d9a40cf33902eba6",
                "sha256:209596a4ec71d990d71d5e0d312ac935d86930e6eecff6ccc7007fe54d703808",
                "sha256:2c726c276d09fc5c414693a2de063f521052d9ea7c240ce553316f70656c84d4",
                "sha256:398e44cd480f4d2b7ee8d98385ca104e35c81525dd98c519acff1b79bdaac363",
                "sha256:52b1eb8c83f178ab787f3a4283f68258525f8d70f778a2f6dd54d3b5e5fb4341",
                "sha256:5feca99c17af94057417d744607b82dd0a664fd5e4ca98061480fd8b14b18d04",
                "sha256:7538e495704e2ccda9b234b82423a4038f324f3a10c43bc088a1636180f11a41",
                "sha256:760ad187b1041a154f0e4d0f6aae3e40fdb51d6de16e5c99aedadd9246450e9e",
                "sha256:777a26c84bea6cd934422ac2e3b78863a37017618b6e5c08f92ef69853e765d3",
                "sha256:95431a26309a21874005845c21118c83991c63ea800dd44843e42a916aec5899",
                "sha256:9ad2c92ec681e02baf81fdfa056fe0d818645efa9af1f1cd5fd6f1bd2bdfd805",
                "sha256:9c6d1a54552b5330bc657b7ef0eae25d00ba7ffe85d9ea8ae6540d2197a3788c",
                "sha256:aee0c1256be6c07bd3e1263ff920c325b59849dc95392a05f258bb9b259cf39c",
                "sha256:af3d4a73793725138d6b334d9d247ce7e5f084d96284ed23f22ee626a7b88e39",
                "sha256:b36b4f3920103a25e1d5d024d155c504080959582b928e91cb608a65c3a49e1a",
                "sha256:b9574c6f03f685070d859e75c7f9eeca02d6933273b5e69572e5ff9d5e3931c3",
                "sha256:bff6ad71c81b3bba8fa35f0f1921fb24ff4476235a6e94a26ada2e54370e6da7",
                "sha256:c190f0899e9f9f8b6b7863debfb739abcb21a5c054f911ca3596d12b8a4c4c7f",
                "sha256:c907f561b1e83e93fad565bac5ba9c22d96a54e7ea0267c708bffe863cbe4075",
                "sha256:cae53c389825d3b46fb37538441f75d6aecc4174f615d048321b716df2757fb0",
                "sha256:dd4a21253f42b8d2b48410cb31fe501d32f8b9fbeb1f55063ad102fe9c425e40",
                "sha256:dde816ca9dac1d9c01dd504ea5967821606f02e510438120091b84e852367428",
                "sha256:f2362f3cb0f3172c42938946dbc5b7843c2a28aec307c49100c8b38764eb6927",
                "sha256:f328adcfebed9f11301eaedfa48e15bdece9b519fb27e6a8c01aa52a17ec31b3",
                "sha256:f8afcf15cc511ada719a88e013cec87c11aff7b91f019295eb4530f96fe5ef2f",
                "sha256:fb1bbeac803adea29cedd70781399c99138358c26d05fcbd23c13016b7f5ec65"
            ],
            "markers": "python_version < '3.8' and implementation_name == 'cpython'",
            "version": "==1.4.3"
        },
        "typing-extensions": {
            "hashes": [
                "sha256:25642c956049920a5aa49edcdd6ab1e06d7e5d467fc00e0506c44ac86fbfca02",
                "sha256:e6d2677a32f47fc7eb2795db1dd15c1f34eff616bcaf2cfb5e997f854fa1c4a6"
            ],
            "markers": "python_version < '3.8'",
            "version": "==4.3.0"
        },
        "urllib3": {
            "hashes": [
                "sha256:3fa96cf423e6987997fc326ae8df396db2a8b7c667747d47ddd8ecba91f4a74e",
                "sha256:b930dd878d5a8afb066a637fbb35144fe7901e3b209d1cd4f524bd0e9deee997"
            ],
            "markers": "python_version >= '2.7' and python_version not in '3.0, 3.1, 3.2, 3.3, 3.4, 3.5' and python_version < '4'",
            "version": "==1.26.12"
        },
        "websocket-client": {
            "hashes": [
                "sha256:398909eb7e261f44b8f4bd474785b6ec5f5b499d4953342fe9755e01ef624090",
                "sha256:f9611eb65c8241a67fb373bef040b3cf8ad377a9f6546a12b620b6511e8ea9ef"
            ],
            "markers": "python_version >= '3.7'",
            "version": "==1.4.1"
        },
        "wrapt": {
            "hashes": [
                "sha256:acdef33b4afc6365dc6d107d25a27cd09efaf56242d10b91b0a624b3278faa43",
                "sha256:b62ffa81fb85f4332a4f609cab4ac40709470da05643a082ec1eb88e6d9b97d7"
            ],
            "version": "==1.12.1"
        }
    },
    "develop": {}
}
