{
    "_meta": {
        "hash": {
            "sha256": "ea455112ef48696735b95cba0a75ada4df881b6bb593dc41f1c38c553b3922a9"
        },
        "pipfile-spec": 6,
        "requires": {
            "python_version": "3.7"
        },
        "sources": [
            {
                "name": "pypi",
                "url": "https://pypi.org/simple",
                "verify_ssl": true
            }
        ]
    },
    "default": {
        "astroid": {
            "hashes": [
                "sha256:7b963d1c590d490f60d2973e57437115978d3a2529843f160b5003b721e1e925",
                "sha256:83e494b02d75d07d4e347b27c066fd791c0c74fc96c613d1ea3de0c82c48168f"
            ],
            "version": "==2.6.5"
        },
        "certifi": {
            "hashes": [
                "sha256:2bbf76fd432960138b3ef6dda3dde0544f27cbf8546c458e60baf371917ba9ee",
                "sha256:50b1e4f8446b06f41be7dd6338db18e0990601dce795c2b1686458aa7e8fa7d8"
            ],
            "version": "==2021.5.30"
        },
        "charset-normalizer": {
            "hashes": [
                "sha256:88fce3fa5b1a84fdcb3f603d889f723d1dd89b26059d0123ca435570e848d5e1",
                "sha256:c46c3ace2d744cfbdebceaa3c19ae691f53ae621b39fd7570f59d14fb7f2fd12"
            ],
            "markers": "python_version >= '3'",
            "version": "==2.0.3"
        },
        "docker": {
            "hashes": [
                "sha256:3e8bc47534e0ca9331d72c32f2881bb13b93ded0bcdeab3c833fb7cf61c0a9a5",
                "sha256:fc961d622160e8021c10d1bcabc388c57d55fb1f917175afbe24af442e6879bd"
            ],
            "index": "pypi",
            "version": "==5.0.0"
        },
        "grpcio": {
            "hashes": [
                "sha256:0e193feaf4ebc72f6af57d7b8a08c0b8e43ebbd76f81c6f1e55d013557602dfd",
                "sha256:118479436bda25b369e2dc1cd0921790fbfaea1ec663e4ee7095c4c325694495",
                "sha256:1f79d8a24261e3c12ec3a6c25945ff799ae09874fd24815bc17c2dc37715ef6c",
                "sha256:26af85ae0a7ff8e8f8f550255bf85551df86a89883c11721c0756b71bc1019be",
                "sha256:278e131bfbc57bab112359b98930b0fdbf81aa0ba2cdfc6555c7a5119d7e2117",
                "sha256:2a179b2565fa85a134933acc7845f9d4c12e742c802b4f50bf2fd208bf8b741e",
                "sha256:3a25e1a46f51c80d06b66223f61938b9ffda37f2824ca65749c49b758137fac2",
                "sha256:3db0680fee9e55022677abda186e73e3c019c59ed83e1550519250dc97cf6793",
                "sha256:3e85bba6f0e0c454a90b8fea16b59db9c6d19ddf9cc95052b2d4ca77b22d46d6",
                "sha256:3eb960c2f9e031f0643b53bab67733a9544d82f42d0714338183d14993d2a23c",
                "sha256:419af4f577a3d5d9f386aeacf4c4992f90016f84cbceb11ecd832101b1f7f9c9",
                "sha256:44efa41ac36f6bcbf4f64d6479b3031cceea28cf6892a77f15bd1c22611bff9d",
                "sha256:4bc60f8372c3ab06f41279163c5d558bf95195bb3f68e35ed19f95d4fbd53d71",
                "sha256:4c19578b35715e110c324b27c18ab54a56fccc4c41b8f651b1d1da5a64e0d605",
                "sha256:532ab738351aad2cdad80f4355123652e08b207281f3923ce51fb2b58692dd4c",
                "sha256:549beb5646137b78534a312a3b80b2b8b1ea01058b38a711d42d6b54b20b6c2b",
                "sha256:59f5fb4ba219a11fdc1c23e17c93ca3090480a8cde4370c980908546ffc091e6",
                "sha256:5efa68fc3fe0c439e2858215f2224bfb7242c35079538d58063f68a0d5d5ec33",
                "sha256:5ff4802d9b3704e680454289587e1cc146bb0d953cf3c9296e2d96441a6a8e88",
                "sha256:6a225440015db88ec4625a2a41c21582a50cce7ffbe38dcbbb416c7180352516",
                "sha256:6d898441ada374f76e0b5354d7e240e1c0e905a1ebcb1e95d9ffd99c88f63700",
                "sha256:6e137d014cf4162e5a796777012452516d92547717c1b4914fb71ce4e41817b5",
                "sha256:6edf68d4305e08f6f8c45bfaa9dc04d527ab5a1562aaf0c452fa921fbe90eb23",
                "sha256:72e8358c751da9ab4f8653a3b67b2a3bb7e330ee57cb26439c6af358d6eac032",
                "sha256:77054f24d46498d9696c809da7810b67bccf6153f9848ea48331708841926d82",
                "sha256:7adfbd4e22647f880c9ed86b2be7f6d7a7dbbb8adc09395808cc7a4d021bc328",
                "sha256:87b4b1977b52d5e0873a5e396340d2443640ba760f4fa23e93a38997ecfbcd5b",
                "sha256:889518ce7c2a0609a3cffb7b667669a39b3410e869ff38e087bf7eeadad62e5d",
                "sha256:89af675d38bf490384dae85151768b8434e997cece98e5d1eb6fcb3c16d6af12",
                "sha256:8ab27a6626c2038e13c1b250c5cd22da578f182364134620ec298b4ccfc85722",
                "sha256:8ccde1df51eeaddf5515edc41bde2ea43a834a288914eae9ce4287399be108f5",
                "sha256:947bdba3ebcd93a7cef537d6405bc5667d1caf818fa8bbd2e2cc952ec8f97e09",
                "sha256:96d78d9edf3070770cefd1822bc220d8cccad049b818a70a3c630052e9f15490",
                "sha256:a433d3740a9ef7bc34a18e2b12bf72b25e618facdfd09871167b30fd8e955fed",
                "sha256:a77d1f47e5e82504c531bc9dd22c093ff093b6706ec8bcdad228464ef3a5dd54",
                "sha256:b1624123710fa701988a8a43994de78416e5010ac1508f64ed41e2577358604a",
                "sha256:b16e1967709392a0ec4b10b4374a72eb062c47c168a189606c9a7ea7b36593a8",
                "sha256:b5ea9902fc2990af993b74862282b49ae0b8de8a64ca3b4a8dda26a3163c3bb4",
                "sha256:c323265a4f18f586e8de84fda12b48eb3bd48395294aa2b8c05307ac1680299d",
                "sha256:c83481501533824fe341c17d297bbec1ec584ec46b352f98ce12bf16740615c4",
                "sha256:cd7ddb5b6ffcbd3691990df20f260a888c8bd770d57480a97da1b756fb1be5c0",
                "sha256:cddd61bff66e42ef334f8cb9e719951e479b5ad2cb75c00338aac8de28e17484",
                "sha256:cf6c3bfa403e055380fe90844beb4fe8e9448edab5d2bf40d37d208dbb2f768c",
                "sha256:d4179d96b0ce27602756185c1a00d088c9c1feb0cc17a36f8a66eec6ddddbc0c",
                "sha256:d49f250c3ffbe83ba2d03e3500e03505576a985f7c5f77172a9531058347aa68",
                "sha256:dcfcb147c18272a22a592251a49830b3c7abc82385ffff34916c2534175d885e",
                "sha256:ddd33c90b0c95eca737c9f6db7e969a48d23aed72cecb23f3b8aac009ca2cfb4",
                "sha256:e4a8a371ad02bf31576bcd99093cea3849e19ca1e9eb63fc0b2c0f1db1132f7d",
                "sha256:e891b0936aab73550d673dd3bbf89fa9577b3db1a61baecea480afd36fdb1852",
                "sha256:e90cda2ccd4bdb89a3cd5dc11771c3b8394817d5caaa1ae36042bc96a428c10e",
                "sha256:ff9ebc416e815161d89d2fd22d1a91acf3b810ef800dae38c402d19d203590bf"
            ],
            "index": "pypi",
            "version": "==1.38.1"
        },
        "grpcio-tools": {
            "hashes": [
                "sha256:09487050dd3e297b4107821680da023f7db332e02cc9db03c7ced8873717fe4f",
                "sha256:0df193c2ccdc93d343e5c789198f2c9196dcb2375538728c03cbf5b57f0d257a",
                "sha256:0ed1238044d908fe461e63a97c846a2420ec15103ed7bf8aa76372614e7216de",
                "sha256:10e7343fdba4182951a0cd33757e1beca784b9b95098a61a38515edfcdf2129e",
                "sha256:142357f786c862dc5dc4141b60f74ebae57b06ce3451c823b708d628dd403f19",
                "sha256:156eb516564b7a3d1ca0877bd8edcc3f0b797815445c1192df1e7e8db2537601",
                "sha256:18c710f2be5ff7b819898af3b6821b6d1853e1b9abd8d133396483e201fcdece",
                "sha256:21efa933597d6c6133f5dd77dbfdb9c4bdb6b8c5d599c47ec96de264abf74157",
                "sha256:280772a6f43ed96b84521cd6187bce0a6d9ea1a07cce95074c21f8fd998dc95a",
                "sha256:2ea397c2968dab3ebf81d957cf4654f5517bb57c8c9def2d4909d3c06bc1405e",
                "sha256:2fc301ac4c8e39c741e31bdf8594448c5e05d84b37373c5c2308653da7f74d10",
                "sha256:315b72d38f954707e94497cb81efb450c7ac53a390c9b8e4b73f47758391d643",
                "sha256:31c5ad318a47aefa451dd00cbbf3d0fba693df21d6382a52b8c3b7c67b0316af",
                "sha256:36a081086dc3646584cff59fb5675cded8226141adc1d160e1cd54466b6b728f",
                "sha256:3e5a1485a4c18e1a35aae704682b2faac57f4f2122a8eaca576fd74f52e32cc0",
                "sha256:48424b77cae16859e39e31b37d3b1cb54acf12b70a903a5494f8d352bcd5d733",
                "sha256:4ae9fb7d86f01915e0f640226a8eeb4063e2d1604e172596d52a06ac96c8fb11",
                "sha256:53f5cf971321c833d746258f656dba79b70f24129afef070e8a617b89e4a8281",
                "sha256:5889a5dd9490106736b29e14e1812755c02b2b2e8a1e70829b4631ba004dfe09",
                "sha256:58920d167a0414156b9c6b91816c5ce2de35fba25d068d076e3f5ed12cc535cc",
                "sha256:5b31142da2c74c02159eed352e39fe2d6b6ca8a6a25c53cb7efacb53d08055b2",
                "sha256:5bf5c920c7b8b55b9f42ea270a032280a8ceb500d30a9894f83384f48c2cd5a0",
                "sha256:69e0d7fcf788ecee123487d4f229010e65f77a267293a2c620b2930a65e9abbb",
                "sha256:6a92e26cf42746228d668e9ef1fc66fe237fb2fd00e92a2eab56053d223149d7",
                "sha256:6c4e385f41d9c3e4a8f59af1b9c2b1d3d16840cc615f1f7f301012b3a7b53cab",
                "sha256:6f19404a12778703030009e6e28a7fa243d58f5a7380c40f23786aae614b35a9",
                "sha256:72775c21fa5ff7e73a9ed9a26d32969ee5faf31e56ff8107b99c9d7914ea895f",
                "sha256:728a9a96fcfdd32309ccc584664f3935c482951cc9340316235ec000683af1fa",
                "sha256:7ed99b84c9866f834f7c46e00095b16cf154b39c18944f1c138407b789d40da0",
                "sha256:8226c1b44d7aa519e2ec09889fb4d39bd7b52b7fc768ce400cf9eb7aa101d419",
                "sha256:82f1a4d60f5b4371c4afee96f9f460d67fed17efae8ad152c2e6ce225f1fc1a6",
                "sha256:913f3dc262f28e2220bbb69aab4174c0a8b0fc94e7dec3a47c158bc2cc4fcdc7",
                "sha256:91c8de121d5a9ba8f76512e691c89c77f2bc93aa8924d3f891b76a183e1a3226",
                "sha256:94a3c388c1f167aa4b17ce84e334a4c3f826ff3871beec888940f6082968ed23",
                "sha256:a3f04462d20bfc7ac197af12ea2a114436deb78306db33f555fae64b884f05ba",
                "sha256:b148d44a70a4c14809380050f9cd5907f7edf17f6645df424bdb4302d7bf21b6",
                "sha256:baa1c225b361806bcad14de23f7cbf09f568a3550c1c97e6f22d414cd71b4c92",
                "sha256:c0a93efe5fdb27618be78a34c8a2320175b2c5ccc53386cfe1799cb8fb1499ec",
                "sha256:c6427583e598e77d72c518a930fe839def7d220ff18d9bd8f07f89263255fc2f",
                "sha256:c71126f5c55f8e7d822cd39038da1fbc52131d5ad1831565555a1f0148508c21",
                "sha256:c9f6a3b5f546a57a1011e59a5b8588970adeba7c3567efc4f21a4bea7337192c",
                "sha256:cd85f58038b92e1961f8127d79691e84e151390d35cae73c4c0cbe2042f76b77",
                "sha256:ce99acf886561ad704ea9f4f5c973f42389b3522a507baa5ad78624af92231ec",
                "sha256:cf150b9b56ada5d78ad47e9d4c58da688788a9edfedd6b7586369311d40d6d51",
                "sha256:d6445128492eec9a4d387dab8ef3811f889c674055139306ec5e055b1b8c92e9",
                "sha256:dd1edaee80cce4149b04c8090fd5a93534b7eaf83c0dec747be0d2b738210598",
                "sha256:e2e97564aec7dded3a864f740ec5121ce7c574d2d1585d0fab1be8ab856ce312",
                "sha256:ed41f0146540f6b48ac8d9a3f45cab5f8b0721062f342cb006d1fefafae811e6",
                "sha256:eebc25185c109dd584f3ab09146f8471dcbbdee23a6330753b30e732cf374fa1",
                "sha256:fa4956ed0d72b3d9eb4d3a4b2180bf4cb368a6246b93b2ef6367e74cd32067ff",
                "sha256:fa714aa29991328a4d51d1efd73ebd15f15b41ed0a84dd19af1654076b6f5ed2"
            ],
            "index": "pypi",
            "version": "==1.38.1"
        },
        "idna": {
            "hashes": [
                "sha256:14475042e284991034cb48e06f6851428fb14c4dc953acd9be9a5e95c7b6dd7a",
                "sha256:467fbad99067910785144ce333826c71fb0e63a425657295239737f7ecd125f3"
            ],
            "markers": "python_version >= '3'",
            "version": "==3.2"
        },
        "isort": {
            "hashes": [
                "sha256:eed17b53c3e7912425579853d078a0832820f023191561fcee9d7cae424e0813",
                "sha256:f65ce5bd4cbc6abdfbe29afc2f0245538ab358c14590912df638033f157d555e"
            ],
            "version": "==5.9.2"
        },
        "kazoo": {
            "hashes": [
                "sha256:2dc46de17efc02e0ef42a9d92f3bbabce6204bbcc0792a1d9211344d0b8a03b8",
                "sha256:588e27868e4a0ed70ae4a7a5b0f3bca4cec5e5c49dbd7e41349c0883182bf2fe"
            ],
            "index": "pypi",
            "version": "==2.8.0"
        },
        "lazy-object-proxy": {
            "hashes": [
                "sha256:17e0967ba374fc24141738c69736da90e94419338fd4c7c7bef01ee26b339653",
                "sha256:1fee665d2638491f4d6e55bd483e15ef21f6c8c2095f235fef72601021e64f61",
                "sha256:22ddd618cefe54305df49e4c069fa65715be4ad0e78e8d252a33debf00f6ede2",
                "sha256:24a5045889cc2729033b3e604d496c2b6f588c754f7a62027ad4437a7ecc4837",
                "sha256:410283732af311b51b837894fa2f24f2c0039aa7f220135192b38fcc42bd43d3",
                "sha256:4732c765372bd78a2d6b2150a6e99d00a78ec963375f236979c0626b97ed8e43",
                "sha256:489000d368377571c6f982fba6497f2aa13c6d1facc40660963da62f5c379726",
                "sha256:4f60460e9f1eb632584c9685bccea152f4ac2130e299784dbaf9fae9f49891b3",
                "sha256:5743a5ab42ae40caa8421b320ebf3a998f89c85cdc8376d6b2e00bd12bd1b587",
                "sha256:85fb7608121fd5621cc4377a8961d0b32ccf84a7285b4f1d21988b2eae2868e8",
                "sha256:9698110e36e2df951c7c36b6729e96429c9c32b3331989ef19976592c5f3c77a",
                "sha256:9d397bf41caad3f489e10774667310d73cb9c4258e9aed94b9ec734b34b495fd",
                "sha256:b579f8acbf2bdd9ea200b1d5dea36abd93cabf56cf626ab9c744a432e15c815f",
                "sha256:b865b01a2e7f96db0c5d12cfea590f98d8c5ba64ad222300d93ce6ff9138bcad",
                "sha256:bf34e368e8dd976423396555078def5cfc3039ebc6fc06d1ae2c5a65eebbcde4",
                "sha256:c6938967f8528b3668622a9ed3b31d145fab161a32f5891ea7b84f6b790be05b",
                "sha256:d1c2676e3d840852a2de7c7d5d76407c772927addff8d742b9808fe0afccebdf",
                "sha256:d7124f52f3bd259f510651450e18e0fd081ed82f3c08541dffc7b94b883aa981",
                "sha256:d900d949b707778696fdf01036f58c9876a0d8bfe116e8d220cfd4b15f14e741",
                "sha256:ebfd274dcd5133e0afae738e6d9da4323c3eb021b3e13052d8cbd0e457b1256e",
                "sha256:ed361bb83436f117f9917d282a456f9e5009ea12fd6de8742d1a4752c3017e93",
                "sha256:f5144c75445ae3ca2057faac03fda5a902eff196702b0a24daf1d6ce0650514b"
            ],
            "version": "==1.6.0"
        },
        "mccabe": {
            "hashes": [
                "sha256:ab8a6258860da4b6677da4bd2fe5dc2c659cff31b3ee4f7f5d64e79735b80d42",
                "sha256:dd8d182285a0fe56bace7f45b5e7d1a6ebcbf524e8f3bd87eb0f125271b8831f"
            ],
            "version": "==0.6.1"
        },
        "protobuf": {
            "hashes": [
                "sha256:13ee7be3c2d9a5d2b42a1030976f760f28755fcf5863c55b1460fd205e6cd637",
                "sha256:145ce0af55c4259ca74993ddab3479c78af064002ec8227beb3d944405123c71",
                "sha256:14c1c9377a7ffbeaccd4722ab0aa900091f52b516ad89c4b0c3bb0a4af903ba5",
                "sha256:1556a1049ccec58c7855a78d27e5c6e70e95103b32de9142bae0576e9200a1b0",
                "sha256:26010f693b675ff5a1d0e1bdb17689b8b716a18709113288fead438703d45539",
                "sha256:2ae692bb6d1992afb6b74348e7bb648a75bb0d3565a3f5eea5bec8f62bd06d87",
                "sha256:2bfb815216a9cd9faec52b16fd2bfa68437a44b67c56bee59bc3926522ecb04e",
                "sha256:4ffbd23640bb7403574f7aff8368e2aeb2ec9a5c6306580be48ac59a6bac8bde",
                "sha256:59e5cf6b737c3a376932fbfb869043415f7c16a0cf176ab30a5bbc419cd709c1",
                "sha256:6902a1e4b7a319ec611a7345ff81b6b004b36b0d2196ce7a748b3493da3d226d",
                "sha256:6ce4d8bf0321e7b2d4395e253f8002a1a5ffbcfd7bcc0a6ba46712c07d47d0b4",
                "sha256:6d847c59963c03fd7a0cd7c488cadfa10cda4fff34d8bc8cba92935a91b7a037",
                "sha256:72804ea5eaa9c22a090d2803813e280fb273b62d5ae497aaf3553d141c4fdd7b",
                "sha256:7a4c97961e9e5b03a56f9a6c82742ed55375c4a25f2692b625d4087d02ed31b9",
                "sha256:85d6303e4adade2827e43c2b54114d9a6ea547b671cb63fafd5011dc47d0e13d",
                "sha256:8727ee027157516e2c311f218ebf2260a18088ffb2d29473e82add217d196b1c",
                "sha256:99938f2a2d7ca6563c0ade0c5ca8982264c484fdecf418bd68e880a7ab5730b1",
                "sha256:9b7a5c1022e0fa0dbde7fd03682d07d14624ad870ae52054849d8960f04bc764",
                "sha256:a22b3a0dbac6544dacbafd4c5f6a29e389a50e3b193e2c70dae6bbf7930f651d",
                "sha256:a38bac25f51c93e4be4092c88b2568b9f407c27217d3dd23c7a57fa522a17554",
                "sha256:a981222367fb4210a10a929ad5983ae93bd5a050a0824fc35d6371c07b78caf6",
                "sha256:ab6bb0e270c6c58e7ff4345b3a803cc59dbee19ddf77a4719c5b635f1d547aa8",
                "sha256:c56c050a947186ba51de4f94ab441d7f04fcd44c56df6e922369cc2e1a92d683",
                "sha256:e76d9686e088fece2450dbc7ee905f9be904e427341d289acbe9ad00b78ebd47",
                "sha256:ebcb546f10069b56dc2e3da35e003a02076aaa377caf8530fe9789570984a8d2",
                "sha256:f0e59430ee953184a703a324b8ec52f571c6c4259d496a19d1cabcdc19dabc62",
                "sha256:ffea251f5cd3c0b9b43c7a7a912777e0bc86263436a87c2555242a348817221b"
            ],
            "version": "==3.17.3"
        },
        "pyaml": {
            "hashes": [
                "sha256:29a5c2a68660a799103d6949167bd6c7953d031449d08802386372de1db6ad71",
                "sha256:67081749a82b72c45e5f7f812ee3a14a03b3f5c25ff36ec3b290514f8c4c4b99"
            ],
            "index": "pypi",
            "version": "==20.4.0"
        },
        "pyexpect": {
            "hashes": [
                "sha256:1653b1a34b420e891d104f4d5ebac6ba313aec5bbf0feb0700c73f96a1384f8b",
                "sha256:96e900d6af928a94c2a75b4935ddda44872c218121d0467c549ae19e7608a9a2"
            ],
            "index": "pypi",
            "version": "==1.0.21"
        },
        "pylint": {
            "hashes": [
                "sha256:1f333dc72ef7f5ea166b3230936ebcfb1f3b722e76c980cb9fe6b9f95e8d3172",
                "sha256:748f81e5776d6273a6619506e08f1b48ff9bcb8198366a56821cf11aac14fc87"
            ],
            "index": "pypi",
            "version": "==2.9.5"
        },
        "pyyaml": {
            "hashes": [
                "sha256:08682f6b72c722394747bddaf0aa62277e02557c0fd1c42cb853016a38f8dedf",
                "sha256:0f5f5786c0e09baddcd8b4b45f20a7b5d61a7e7e99846e3c799b05c7c53fa696",
                "sha256:129def1b7c1bf22faffd67b8f3724645203b79d8f4cc81f674654d9902cb4393",
                "sha256:294db365efa064d00b8d1ef65d8ea2c3426ac366c0c4368d930bf1c5fb497f77",
                "sha256:3b2b1824fe7112845700f815ff6a489360226a5609b96ec2190a45e62a9fc922",
                "sha256:3bd0e463264cf257d1ffd2e40223b197271046d09dadf73a0fe82b9c1fc385a5",
                "sha256:4465124ef1b18d9ace298060f4eccc64b0850899ac4ac53294547536533800c8",
                "sha256:49d4cdd9065b9b6e206d0595fee27a96b5dd22618e7520c33204a4a3239d5b10",
                "sha256:4e0583d24c881e14342eaf4ec5fbc97f934b999a6828693a99157fde912540cc",
                "sha256:5accb17103e43963b80e6f837831f38d314a0495500067cb25afab2e8d7a4018",
                "sha256:607774cbba28732bfa802b54baa7484215f530991055bb562efbed5b2f20a45e",
                "sha256:6c78645d400265a062508ae399b60b8c167bf003db364ecb26dcab2bda048253",
                "sha256:72a01f726a9c7851ca9bfad6fd09ca4e090a023c00945ea05ba1638c09dc3347",
                "sha256:74c1485f7707cf707a7aef42ef6322b8f97921bd89be2ab6317fd782c2d53183",
                "sha256:895f61ef02e8fed38159bb70f7e100e00f471eae2bc838cd0f4ebb21e28f8541",
                "sha256:8c1be557ee92a20f184922c7b6424e8ab6691788e6d86137c5d93c1a6ec1b8fb",
                "sha256:bb4191dfc9306777bc594117aee052446b3fa88737cd13b7188d0e7aa8162185",
                "sha256:bfb51918d4ff3d77c1c856a9699f8492c612cde32fd3bcd344af9be34999bfdc",
                "sha256:c20cfa2d49991c8b4147af39859b167664f2ad4561704ee74c1de03318e898db",
                "sha256:cb333c16912324fd5f769fff6bc5de372e9e7a202247b48870bc251ed40239aa",
                "sha256:d2d9808ea7b4af864f35ea216be506ecec180628aced0704e34aca0b040ffe46",
                "sha256:d483ad4e639292c90170eb6f7783ad19490e7a8defb3e46f97dfe4bacae89122",
                "sha256:dd5de0646207f053eb0d6c74ae45ba98c3395a571a2891858e87df7c9b9bd51b",
                "sha256:e1d4970ea66be07ae37a3c2e48b5ec63f7ba6804bdddfdbd3cfd954d25a82e63",
                "sha256:e4fac90784481d221a8e4b1162afa7c47ed953be40d31ab4629ae917510051df",
                "sha256:fa5ae20527d8e831e8230cbffd9f8fe952815b2b7dae6ffec25318803a7528fc",
                "sha256:fd7f6999a8070df521b6384004ef42833b9bd62cfee11a09bda1079b4b704247",
                "sha256:fdc842473cd33f45ff6bce46aea678a54e3d21f1b61a7750ce3c498eedfe25d6",
                "sha256:fe69978f3f768926cfa37b867e3843918e012cf83f680806599ddce33c2c68b0"
            ],
            "version": "==5.4.1"
        },
        "requests": {
            "hashes": [
                "sha256:6c1246513ecd5ecd4528a0906f910e8f0f9c6b8ec72030dc9fd154dc1a6efd24",
                "sha256:b8aa58f8cf793ffd8782d3d8cb19e66ef36f7aba4353eec859e74678b01b07a7"
            ],
            "version": "==2.26.0"
        },
        "six": {
            "hashes": [
                "sha256:1e61c37477a1626458e36f7b1d82aa5c9b094fa4802892072e49de9c60c4c926",
                "sha256:8abb2f1d86890a2dfb989f9a77cfcfd3e47c2a354b01111771326f8aa26e0254"
            ],
            "version": "==1.16.0"
        },
        "timeout-decorator": {
            "hashes": [
                "sha256:6a2f2f58db1c5b24a2cc79de6345760377ad8bdc13813f5265f6c3e63d16b3d7"
            ],
            "index": "pypi",
            "version": "==0.5.0"
        },
        "toml": {
            "hashes": [
                "sha256:806143ae5bfb6a3c6e736a764057db0e6a0e05e338b5630894a5f779cabb4f9b",
                "sha256:b3bda1d108d5dd99f4a20d24d9c348e91c4db7ab1b749200bded2f839ccbe68f"
            ],
            "version": "==0.10.2"
        },
        "typed-ast": {
            "hashes": [
                "sha256:01ae5f73431d21eead5015997ab41afa53aa1fbe252f9da060be5dad2c730ace",
                "sha256:067a74454df670dcaa4e59349a2e5c81e567d8d65458d480a5b3dfecec08c5ff",
                "sha256:0fb71b8c643187d7492c1f8352f2c15b4c4af3f6338f21681d3681b3dc31a266",
                "sha256:1b3ead4a96c9101bef08f9f7d1217c096f31667617b58de957f690c92378b528",
                "sha256:2068531575a125b87a41802130fa7e29f26c09a2833fea68d9a40cf33902eba6",
                "sha256:209596a4ec71d990d71d5e0d312ac935d86930e6eecff6ccc7007fe54d703808",
                "sha256:2c726c276d09fc5c414693a2de063f521052d9ea7c240ce553316f70656c84d4",
                "sha256:398e44cd480f4d2b7ee8d98385ca104e35c81525dd98c519acff1b79bdaac363",
                "sha256:52b1eb8c83f178ab787f3a4283f68258525f8d70f778a2f6dd54d3b5e5fb4341",
                "sha256:5feca99c17af94057417d744607b82dd0a664fd5e4ca98061480fd8b14b18d04",
                "sha256:7538e495704e2ccda9b234b82423a4038f324f3a10c43bc088a1636180f11a41",
                "sha256:760ad187b1041a154f0e4d0f6aae3e40fdb51d6de16e5c99aedadd9246450e9e",
                "sha256:777a26c84bea6cd934422ac2e3b78863a37017618b6e5c08f92ef69853e765d3",
                "sha256:95431a26309a21874005845c21118c83991c63ea800dd44843e42a916aec5899",
                "sha256:9ad2c92ec681e02baf81fdfa056fe0d818645efa9af1f1cd5fd6f1bd2bdfd805",
                "sha256:9c6d1a54552b5330bc657b7ef0eae25d00ba7ffe85d9ea8ae6540d2197a3788c",
                "sha256:aee0c1256be6c07bd3e1263ff920c325b59849dc95392a05f258bb9b259cf39c",
                "sha256:af3d4a73793725138d6b334d9d247ce7e5f084d96284ed23f22ee626a7b88e39",
                "sha256:b36b4f3920103a25e1d5d024d155c504080959582b928e91cb608a65c3a49e1a",
                "sha256:b9574c6f03f685070d859e75c7f9eeca02d6933273b5e69572e5ff9d5e3931c3",
                "sha256:bff6ad71c81b3bba8fa35f0f1921fb24ff4476235a6e94a26ada2e54370e6da7",
                "sha256:c190f0899e9f9f8b6b7863debfb739abcb21a5c054f911ca3596d12b8a4c4c7f",
                "sha256:c907f561b1e83e93fad565bac5ba9c22d96a54e7ea0267c708bffe863cbe4075",
                "sha256:cae53c389825d3b46fb37538441f75d6aecc4174f615d048321b716df2757fb0",
                "sha256:dd4a21253f42b8d2b48410cb31fe501d32f8b9fbeb1f55063ad102fe9c425e40",
                "sha256:dde816ca9dac1d9c01dd504ea5967821606f02e510438120091b84e852367428",
                "sha256:f2362f3cb0f3172c42938946dbc5b7843c2a28aec307c49100c8b38764eb6927",
                "sha256:f328adcfebed9f11301eaedfa48e15bdece9b519fb27e6a8c01aa52a17ec31b3",
                "sha256:f8afcf15cc511ada719a88e013cec87c11aff7b91f019295eb4530f96fe5ef2f",
                "sha256:fb1bbeac803adea29cedd70781399c99138358c26d05fcbd23c13016b7f5ec65"
            ],
            "markers": "implementation_name == 'cpython' and python_version < '3.8'",
            "version": "==1.4.3"
        },
        "typing-extensions": {
            "hashes": [
                "sha256:0ac0f89795dd19de6b97debb0c6af1c70987fd80a2d62d1958f7e56fcc31b497",
                "sha256:50b6f157849174217d0656f99dc82fe932884fb250826c18350e159ec6cdf342",
                "sha256:779383f6086d90c99ae41cf0ff39aac8a7937a9283ce0a414e5dd782f4c94a84"
            ],
            "markers": "python_version < '3.8'",
            "version": "==3.10.0.0"
        },
        "urllib3": {
            "hashes": [
                "sha256:39fb8672126159acb139a7718dd10806104dec1e2f0f6c88aab05d17df10c8d4",
                "sha256:f57b4c16c62fa2760b7e3d97c35b255512fb6b59a259730f36ba32ce9f8e342f"
            ],
            "version": "==1.26.6"
        },
        "websocket-client": {
            "hashes": [
                "sha256:b68e4959d704768fa20e35c9d508c8dc2bbc041fd8d267c0d7345cffe2824568",
                "sha256:e5c333bfa9fa739538b652b6f8c8fc2559f1d364243c8a689d7c0e1d41c2e611"
            ],
            "version": "==1.1.0"
        },
        "wrapt": {
            "hashes": [
                "sha256:acdef33b4afc6365dc6d107d25a27cd09efaf56242d10b91b0a624b3278faa43",
                "sha256:b62ffa81fb85f4332a4f609cab4ac40709470da05643a082ec1eb88e6d9b97d7"
            ],
            "version": "==1.12.1"
        }
    },
    "develop": {}
}
